
Microsoft Visual Studio Solution File, Format Version 12.00
# Visual Studio Version 17
VisualStudioVersion = 17.0.32014.148
MinimumVisualStudioVersion = 10.0.40219.1
Project("{9A19103F-16F7-4668-BE54-9A1E7A4F7556}") = "Main", "Main\Main.csproj", "{08BC19E3-C3DD-43FD-914F-94646D6FE4A5}"
EndProject
Project("{9A19103F-16F7-4668-BE54-9A1E7A4F7556}") = "Model", "Model\Model.csproj", "{0CCC6B74-DCF8-4A7F-B1BD-7BC28836785C}"
EndProject
Project("{9A19103F-16F7-4668-BE54-9A1E7A4F7556}") = "Storage", "Storage\Storage.csproj", "{841CEFEC-B22B-444A-A9F9-480DFA2264E0}"
EndProject
Project("{2150E333-8FDC-42A3-9474-1A3956D46DE8}") = "UnitTests", "UnitTests", "{5E1E301B-5AED-46A4-B559-3B47C4057E2C}"
EndProject
Project("{9A19103F-16F7-4668-BE54-9A1E7A4F7556}") = "Services.Tests", "UnitTests\Services.Tests\Services.Tests.csproj", "{24F4CD81-BDAE-4BAD-B73E-F328A72EC8A1}"
EndProject
Project("{9A19103F-16F7-4668-BE54-9A1E7A4F7556}") = "Publisher", "Publisher\Publisher.csproj", "{ECFB65FA-37CC-4E47-97C6-A7C0607BDDD2}"
EndProject
Project("{9A19103F-16F7-4668-BE54-9A1E7A4F7556}") = "Services", "Services\Services.csproj", "{A16FE246-94D5-4470-A732-6B668433B5D2}"
EndProject
Project("{9A19103F-16F7-4668-BE54-9A1E7A4F7556}") = "Infrastructure", "Infrastructure\Infrastructure.csproj", "{1E10B2B6-17E1-4883-B2FD-60A33FA4BD0F}"
EndProject
Project("{9A19103F-16F7-4668-BE54-9A1E7A4F7556}") = "Publisher.Tests", "UnitTests\Publisher.Tests\Publisher.Tests.csproj", "{50590E77-82ED-43E3-8B82-BF9552ED6D44}"
EndProject
Project("{9A19103F-16F7-4668-BE54-9A1E7A4F7556}") = "Main.Tests", "UnitTests\Main.Tests\Main.Tests.csproj", "{BEB68358-33CE-4A54-97AB-53558DCEF5FC}"
EndProject
Project("{9A19103F-16F7-4668-BE54-9A1E7A4F7556}") = "Model.Tests", "UnitTests\Model.Tests\Model.Tests.csproj", "{C4AFBDBE-7652-48B1-9AFB-CE8513FBD036}"
EndProject
Global
	GlobalSection(SolutionConfigurationPlatforms) = preSolution
		Debug|Any CPU = Debug|Any CPU
		Release|Any CPU = Release|Any CPU
	EndGlobalSection
	GlobalSection(ProjectConfigurationPlatforms) = postSolution
		{08BC19E3-C3DD-43FD-914F-94646D6FE4A5}.Debug|Any CPU.ActiveCfg = Debug|Any CPU
		{08BC19E3-C3DD-43FD-914F-94646D6FE4A5}.Debug|Any CPU.Build.0 = Debug|Any CPU
		{08BC19E3-C3DD-43FD-914F-94646D6FE4A5}.Release|Any CPU.ActiveCfg = Release|Any CPU
		{08BC19E3-C3DD-43FD-914F-94646D6FE4A5}.Release|Any CPU.Build.0 = Release|Any CPU
		{0CCC6B74-DCF8-4A7F-B1BD-7BC28836785C}.Debug|Any CPU.ActiveCfg = Debug|Any CPU
		{0CCC6B74-DCF8-4A7F-B1BD-7BC28836785C}.Debug|Any CPU.Build.0 = Debug|Any CPU
		{0CCC6B74-DCF8-4A7F-B1BD-7BC28836785C}.Release|Any CPU.ActiveCfg = Release|Any CPU
		{0CCC6B74-DCF8-4A7F-B1BD-7BC28836785C}.Release|Any CPU.Build.0 = Release|Any CPU
		{841CEFEC-B22B-444A-A9F9-480DFA2264E0}.Debug|Any CPU.ActiveCfg = Debug|Any CPU
		{841CEFEC-B22B-444A-A9F9-480DFA2264E0}.Debug|Any CPU.Build.0 = Debug|Any CPU
		{841CEFEC-B22B-444A-A9F9-480DFA2264E0}.Release|Any CPU.ActiveCfg = Release|Any CPU
		{841CEFEC-B22B-444A-A9F9-480DFA2264E0}.Release|Any CPU.Build.0 = Release|Any CPU
		{24F4CD81-BDAE-4BAD-B73E-F328A72EC8A1}.Debug|Any CPU.ActiveCfg = Debug|Any CPU
		{24F4CD81-BDAE-4BAD-B73E-F328A72EC8A1}.Debug|Any CPU.Build.0 = Debug|Any CPU
		{24F4CD81-BDAE-4BAD-B73E-F328A72EC8A1}.Release|Any CPU.ActiveCfg = Release|Any CPU
		{24F4CD81-BDAE-4BAD-B73E-F328A72EC8A1}.Release|Any CPU.Build.0 = Release|Any CPU
		{ECFB65FA-37CC-4E47-97C6-A7C0607BDDD2}.Debug|Any CPU.ActiveCfg = Debug|Any CPU
		{ECFB65FA-37CC-4E47-97C6-A7C0607BDDD2}.Debug|Any CPU.Build.0 = Debug|Any CPU
		{ECFB65FA-37CC-4E47-97C6-A7C0607BDDD2}.Release|Any CPU.ActiveCfg = Release|Any CPU
		{ECFB65FA-37CC-4E47-97C6-A7C0607BDDD2}.Release|Any CPU.Build.0 = Release|Any CPU
		{A16FE246-94D5-4470-A732-6B668433B5D2}.Debug|Any CPU.ActiveCfg = Debug|Any CPU
		{A16FE246-94D5-4470-A732-6B668433B5D2}.Debug|Any CPU.Build.0 = Debug|Any CPU
		{A16FE246-94D5-4470-A732-6B668433B5D2}.Release|Any CPU.ActiveCfg = Release|Any CPU
		{A16FE246-94D5-4470-A732-6B668433B5D2}.Release|Any CPU.Build.0 = Release|Any CPU
		{1E10B2B6-17E1-4883-B2FD-60A33FA4BD0F}.Debug|Any CPU.ActiveCfg = Debug|Any CPU
		{1E10B2B6-17E1-4883-B2FD-60A33FA4BD0F}.Debug|Any CPU.Build.0 = Debug|Any CPU
		{1E10B2B6-17E1-4883-B2FD-60A33FA4BD0F}.Release|Any CPU.ActiveCfg = Release|Any CPU
		{1E10B2B6-17E1-4883-B2FD-60A33FA4BD0F}.Release|Any CPU.Build.0 = Release|Any CPU
		{50590E77-82ED-43E3-8B82-BF9552ED6D44}.Debug|Any CPU.ActiveCfg = Debug|Any CPU
		{50590E77-82ED-43E3-8B82-BF9552ED6D44}.Debug|Any CPU.Build.0 = Debug|Any CPU
		{50590E77-82ED-43E3-8B82-BF9552ED6D44}.Release|Any CPU.ActiveCfg = Release|Any CPU
		{50590E77-82ED-43E3-8B82-BF9552ED6D44}.Release|Any CPU.Build.0 = Release|Any CPU
		{BEB68358-33CE-4A54-97AB-53558DCEF5FC}.Debug|Any CPU.ActiveCfg = Debug|Any CPU
		{BEB68358-33CE-4A54-97AB-53558DCEF5FC}.Debug|Any CPU.Build.0 = Debug|Any CPU
		{BEB68358-33CE-4A54-97AB-53558DCEF5FC}.Release|Any CPU.ActiveCfg = Release|Any CPU
		{BEB68358-33CE-4A54-97AB-53558DCEF5FC}.Release|Any CPU.Build.0 = Release|Any CPU
		{C4AFBDBE-7652-48B1-9AFB-CE8513FBD036}.Debug|Any CPU.ActiveCfg = Debug|Any CPU
		{C4AFBDBE-7652-48B1-9AFB-CE8513FBD036}.Debug|Any CPU.Build.0 = Debug|Any CPU
		{C4AFBDBE-7652-48B1-9AFB-CE8513FBD036}.Release|Any CPU.ActiveCfg = Release|Any CPU
		{C4AFBDBE-7652-48B1-9AFB-CE8513FBD036}.Release|Any CPU.Build.0 = Release|Any CPU
	EndGlobalSection
	GlobalSection(SolutionProperties) = preSolution
		HideSolutionNode = FALSE
	EndGlobalSection
	GlobalSection(NestedProjects) = preSolution
		{24F4CD81-BDAE-4BAD-B73E-F328A72EC8A1} = {5E1E301B-5AED-46A4-B559-3B47C4057E2C}
		{50590E77-82ED-43E3-8B82-BF9552ED6D44} = {5E1E301B-5AED-46A4-B559-3B47C4057E2C}
		{BEB68358-33CE-4A54-97AB-53558DCEF5FC} = {5E1E301B-5AED-46A4-B559-3B47C4057E2C}
		{C4AFBDBE-7652-48B1-9AFB-CE8513FBD036} = {5E1E301B-5AED-46A4-B559-3B47C4057E2C}
	EndGlobalSection
	GlobalSection(ExtensibilityGlobals) = postSolution
		SolutionGuid = {121E9445-17FE-4631-B9D6-68FCD02E88EF}
	EndGlobalSection
EndGlobal
